# This file is automatically @generated by Cargo.
# It is not intended for manual editing.
version = 3

[[package]]
name = "ac2021"
version = "0.1.0"
dependencies = [
 "bytecount",
 "lib",
]

[[package]]
name = "ac2022"
version = "0.1.0"
dependencies = [
 "lib",
]

[[package]]
name = "bytecount"
version = "0.6.3"
source = "registry+https://github.com/rust-lang/crates.io-index"
checksum = "2c676a478f63e9fa2dd5368a42f28bba0d6c560b775f38583c8bbaa7fcd67c9c"

[[package]]
name = "lib"
version = "0.1.0"
